github.com/arcgolabs/collectionx/bitset v0.9.0 h1:rJQR3okazzJqtI4fVEO5MYImmNDaikixaf/lfWNtSQg=
github.com/arcgolabs/collectionx/graph v0.9.0 h1:wpOevcDwHq49F1Ei5oyoq+7Xiln8iPipPRsxrzyLQGw=
github.com/arcgolabs/collectionx/list v0.9.0 h1:Z2DZp/QTc1rFSM7J0urge7mqCBenOdMKSfZlInlbOQI=
github.com/arcgolabs/collectionx/list v0.9.0/go.mod h1:ljn1rjvCXgliu1T7qnFGbozhSUmMqJqlYeLcoLF1YMM=
github.com/arcgolabs/collectionx/mapping v0.9.0 h1:oczGpSxWHGAbav4OgitfNysLroTqDnp5OC+vt6QVLqs=
github.com/arcgolabs/collectionx/mapping v0.9.0/go.mod h1:X/bcV1HjKy+GRRuLHFUiHQ22hZ8yIF9QDGYIvdQFLo4=
github.com/arcgolabs/collectionx/prefix v0.9.0 h1:MxPDssfopL5W6HJZSe28T9HDELI6PxwK5D8i+9155AI=
github.com/arcgolabs/collectionx/set v0.9.0 h1:KNOUlmtPSAGrPb2N/8UKFgpj9tU+YsSFq2sWofyxKoE=
github.com/arcgolabs/eventx v0.1.2 h1:ikt4Cw+GW9Q1NsJVmmen74rQkNZBCdpqlwIfryYrGuk=
github.com/arcgolabs/eventx v0.1.2/go.mod h1:8pvEz7hCLMyC8Y1VdX8+s7RjnY0haFLau4aiRmrkJkw=
github.com/arcgolabs/observabilityx v0.4.0 h1:7ihfQev5KSV8xcO+6DcbMcUYSDVsYhnENH2ZbHB5IxY=
github.com/arcgolabs/observabilityx v0.4.0/go.mod h1:yZeU3QmYUwhd051UnoD4cFu89sdLjPYGU15QKX+TVac=
github.com/arcgolabs/pkg/option v0.0.3 h1:SS7WDMUAr7XW2/sOZkaqDrIUrygJK8u1gdPs9A4K5+A=
github.com/arcgolabs/pkg/option v0.0.3/go.mod h1:91/Ov3tYLKEZ+ytBT30ay4l6JNTRjzk/HRRfDTElhyA=
github.com/arcgolabs/vale v0.1.6 h1:VPVYMzjxVQuytJ6ZBWpGNC2j5cSFAb6ffNt8w9V4X3Y=
github.com/arcgolabs/vale v0.1.6/go.mod h1:T1tdHka2jWIcnWMN7hwD8CAb0VvmivXfF7cOo7WEP+A=
github.com/cespare/xxhash/v2 v2.3.0 h1:UL815xU9SqsFlibzuggzjXhog7bL6oX9BbNZnL2UFvs=
github.com/cespare/xxhash/v2 v2.3.0/go.mod h1:VGX0DQ3Q6kWi7AoAeZDth3/j3BFtOZR5XLFGgcrjCOs=
github.com/davecgh/go-spew v1.1.0/go.mod h1:J7Y8YcW2NihsgmVo/mv3lAwl/skON4iLHjSsI+c5H38=
github.com/davecgh/go-spew v1.1.2-0.20180830191138-d8f796af33cc h1:U9qPSI2PIWSS1VwoXQT9A3Wy9MM3WgvqSxFWenqJduM=
github.com/davecgh/go-spew v1.1.2-0.20180830191138-d8f796af33cc/go.mod h1:J7Y8YcW2NihsgmVo/mv3lAwl/skON4iLHjSsI+c5H38=
github.com/google/go-cmp v0.7.0 h1:wk8382ETsv4JYUZwIsn6YpYiWiBsYLSJiTsyBybVuN8=
github.com/google/go-cmp v0.7.0/go.mod h1:pXiqmnSA92OHEEa9HXL2W4E7lf9JzCmGVUdgjX3N/iU=
github.com/hashicorp/go-immutable-radix v1.3.1 h1:DKHmCUm2hRBK510BaiZlwvpD40f8bJFeZnpfm2KLowc=
github.com/hashicorp/go-immutable-radix v1.3.1/go.mod h1:0y9vanUI8NX6FsYoO3zeMjhV/C5i9g4Q3DwcSNZ4P60=
github.com/hashicorp/go-memdb v1.3.5 h1:b3taDMxCBCBVgyRrS1AZVHO14ubMYZB++QpNhBg+Nyo=
github.com/hashicorp/go-memdb v1.3.5/go.mod h1:8IVKKBkVe+fxFgdFOYxzQQNjz+sWCyHCdIC/+5+Vy1Y=
github.com/hashicorp/go-uuid v1.0.0 h1:RS8zrF7PhGwyNPOtxSClXXj9HA8feRnJzgnI1RJCSnM=
github.com/hashicorp/go-uuid v1.0.0/go.mod h1:6SBZvOh/SIDV7/2o3Jml5SYk/TvGqwFJ/bN7x4byOro=
github.com/hashicorp/golang-lru v0.5.0/go.mod h1:/m3WP610KZHVQ1SGc6re/UDhFvYD7pJ4Ao+sR/qLZy8=
github.com/hashicorp/golang-lru v0.5.4/go.mod h1:iADmTwqILo4mZ8BN3D2Q6+9jd8WM5uGBxy+E8yxSoD4=
github.com/hashicorp/golang-lru v1.0.2 h1:dV3g9Z/unq5DpblPpw+Oqcv4dU/1omnb4Ok8iPY6p1c=
github.com/hashicorp/golang-lru v1.0.2/go.mod h1:iADmTwqILo4mZ8BN3D2Q6+9jd8WM5uGBxy+E8yxSoD4=
github.com/hashicorp/golang-lru/v2 v2.0.7 h1:a+bsQ5rvGLjzHuww6tVxozPZFVghXaHOwFs4luLUK2k=
github.com/hashicorp/golang-lru/v2 v2.0.7/go.mod h1:QeFd9opnmA6QUJc5vARoKUSoFhyfM2/ZepoAG6RGpeM=
github.com/oklog/ulid/v2 v2.1.1 h1:suPZ4ARWLOJLegGFiZZ1dFAkqzhMjL3J1TzI+5wHz8s=
github.com/oklog/ulid/v2 v2.1.1/go.mod h1:rcEKHmBBKfef9DhnvX7y1HZBYxjXb0cP5ExxNsTT1QQ=
github.com/panjf2000/ants/v2 v2.12.1 h1:BWvU2wHpyXWxhhNXsGB6JXLCNbshyLd1QxvoAmZnu10=
github.com/pborman/getopt v0.0.0-20170112200414-7148bc3a4c30/go.mod h1:85jBQOZwpVEaDAr341tbn15RS4fCAsIst0qp7i8ex1o=
github.com/pmezard/go-difflib v1.0.0/go.mod h1:iKH77koFhYxTK1pcRnkKkqfTogsbg7gZNVY4sRDYZ/4=
github.com/pmezard/go-difflib v1.0.1-0.20181226105442-5d4384ee4fb2 h1:Jamvg5psRIccs7FGNTlIRMkT8wgtp5eCXdBlqhYGL6U=
github.com/pmezard/go-difflib v1.0.1-0.20181226105442-5d4384ee4fb2/go.mod h1:iKH77koFhYxTK1pcRnkKkqfTogsbg7gZNVY4sRDYZ/4=
github.com/rs/cors v1.11.1 h1:eU3gRzXLRK57F5rKMGMZURNdIG4EoAmX8k94r9wXWHA=
github.com/rs/cors v1.11.1/go.mod h1:XyqrcTp5zjWr1wsJ8PIRZssZ8b/WMcMf71DJnit4EMU=
github.com/samber/lo v1.53.0 h1:t975lj2py4kJPQ6haz1QMgtId2gtmfktACxIXArw3HM=
github.com/samber/lo v1.53.0/go.mod h1:4+MXEGsJzbKGaUEQFKBq2xtfuznW9oz/WrgyzMzRoM0=
github.com/samber/mo v1.17.0 h1:EbeLc7nxIdpalstxQQakLOcXxULuMRqo7PJPtY18bQg=
github.com/samber/mo v1.17.0/go.mod h1:DlgzJ4SYhOh41nP1L9kh9rDNERuf8IqWSAs+gj2Vxag=
github.com/samber/oops v1.22.0 h1:fmWRC3YRUXFzpZ9Vs4nuckrsnCHv1cFV/bEm00Wvm0Y=
github.com/samber/oops v1.22.0/go.mod h1:8ZDRxwQdphVhmLtEX9I6134LHJe5yeCV8cTfHz3m91Y=
github.com/sony/gobreaker v1.0.0 h1:feX5fGGXSl3dYd4aHZItw+FpHLvvoaqkawKjVNiFMNQ=
github.com/sony/gobreaker v1.0.0/go.mod h1:ZKptC7FHNvhBz7dN2LGjPVBz2sZJmc0/PkyDJOjmxWY=
github.com/stretchr/objx v0.1.0/go.mod h1:HFkY916IF+rwdDfMAkV7OtwuqBVzrE8GR6GFx+wExME=
github.com/stretchr/testify v1.3.0/go.mod h1:M5WIy9Dh21IEIfnGCwXGc5bZfKNJtfHm1UVUgZn+9EI=
github.com/stretchr/testify v1.11.1 h1:7s2iGBzp5EwR7/aIZr8ao5+dra3wiQyKjjFuvgVKu7U=
github.com/stretchr/testify v1.11.1/go.mod h1:wZwfW3scLgRK+23gO65QZefKpKQRnfz6sD981Nm4B6U=
github.com/unrolled/secure v1.17.0 h1:Io7ifFgo99Bnh0J7+Q+qcMzWM6kaDPCA5FroFZEdbWU=
github.com/unrolled/secure v1.17.0/go.mod h1:BmF5hyM6tXczk3MpQkFf1hpKSRqCyhqcbiQtiAF7+40=
go.opentelemetry.io/otel v1.44.0 h1:JjwHmHpA4iZ3wBxluu2fbbE7j4kqlE8jXyAyPXH7HqU=
go.opentelemetry.io/otel v1.44.0/go.mod h1:BMgjTHL9WPRlRjL2oZCBTL4whCGtXch2H4BhOPIAyYc=
go.opentelemetry.io/otel/trace v1.44.0 h1:jxF5CsGYCe74MCRx2X4g7WsY/VBKRqqpNvXlX/6gtIk=
go.opentelemetry.io/otel/trace v1.44.0/go.mod h1:oLl1jrMQAVo6v3GAggN+1VH9VIz9iUSvW53sW1Q8PIE=
golang.org/x/sync v0.20.0 h1:e0PTpb7pjO8GAtTs2dQ6jYa5BWYlMuX047Dco/pItO4=
golang.org/x/sync v0.20.0/go.mod h1:9xrNwdLfx4jkKbNva9FpL6vEN7evnE43NNNJQ2LF3+0=
golang.org/x/text v0.37.0 h1:Cqjiwd9eSg8e0QAkyCaQTNHFIIzWtidPahFWR83rTrc=
golang.org/x/text v0.37.0/go.mod h1:a5sjxXGs9hsn/AJVwuElvCAo9v8QYLzvavO5z2PiM38=
golang.org/x/time v0.15.0 h1:bbrp8t3bGUeFOx08pvsMYRTCVSMk89u4tKbNOZbp88U=
golang.org/x/time v0.15.0/go.mod h1:Y4YMaQmXwGQZoFaVFk4YpCt4FLQMYKZe9oeV/f4MSno=
gopkg.in/yaml.v3 v3.0.1 h1:fxVm/GzAzEWqLHuvctI91KS9hhNmmWOoWu0XTYJS7CA=
gopkg.in/yaml.v3 v3.0.1/go.mod h1:K4uyk7z7BCEPqu6E+C64Yfv1cQ7kz7rIZviUmN+EgEM=
